
Microsoft Visual Studio Solution File, Format Version 12.00
# Visual Studio Version 17
VisualStudioVersion = 17.0.31912.275
MinimumVisualStudioVersion = 10.0.40219.1
Project("{FAE04EC0-301F-11D3-BF4B-00C04F79EFBC}") = "VsCodeExtManager", "VsCodeExtManager\VsCodeExtManager.csproj", "{4EC002EF-E812-45EB-ACBD-8B9962446771}"
EndProject
Project("{54435603-DBB4-11D2-8724-00A0C9A8B90C}") = "VsCodeExtManagerInstaller", "VsCodeExtManagerInstaller\VsCodeExtManagerInstaller.vdproj", "{947CEABB-9B74-4DB9-9C19-1C905EB4D687}"
	ProjectSection(ProjectDependencies) = postProject
		{FC449F46-883F-4686-9070-F6DFF9369006} = {FC449F46-883F-4686-9070-F6DFF9369006}
	EndProjectSection
EndProject
Project("{FAE04EC0-301F-11D3-BF4B-00C04F79EFBC}") = "VsCodeExtManagerTests", "VsCodeExtManagerTests\VsCodeExtManagerTests.csproj", "{FC449F46-883F-4686-9070-F6DFF9369006}"
EndProject
Global
	GlobalSection(SolutionConfigurationPlatforms) = preSolution
		Debug|Any CPU = Debug|Any CPU
		Release|Any CPU = Release|Any CPU
	EndGlobalSection
	GlobalSection(ProjectConfigurationPlatforms) = postSolution
		{4EC002EF-E812-45EB-ACBD-8B9962446771}.Debug|Any CPU.ActiveCfg = Debug|Any CPU
		{4EC002EF-E812-45EB-ACBD-8B9962446771}.Debug|Any CPU.Build.0 = Debug|Any CPU
		{4EC002EF-E812-45EB-ACBD-8B9962446771}.Release|Any CPU.ActiveCfg = Release|Any CPU
		{4EC002EF-E812-45EB-ACBD-8B9962446771}.Release|Any CPU.Build.0 = Release|Any CPU
		{947CEABB-9B74-4DB9-9C19-1C905EB4D687}.Debug|Any CPU.ActiveCfg = Debug
		{947CEABB-9B74-4DB9-9C19-1C905EB4D687}.Release|Any CPU.ActiveCfg = Release
		{FC449F46-883F-4686-9070-F6DFF9369006}.Debug|Any CPU.ActiveCfg = Debug|Any CPU
		{FC449F46-883F-4686-9070-F6DFF9369006}.Debug|Any CPU.Build.0 = Debug|Any CPU
		{FC449F46-883F-4686-9070-F6DFF9369006}.Release|Any CPU.ActiveCfg = Release|Any CPU
		{FC449F46-883F-4686-9070-F6DFF9369006}.Release|Any CPU.Build.0 = Release|Any CPU
	EndGlobalSection
	GlobalSection(SolutionProperties) = preSolution
		HideSolutionNode = FALSE
	EndGlobalSection
	GlobalSection(ExtensibilityGlobals) = postSolution
		SolutionGuid = {9140A2C8-B6CB-4B23-85EF-0E966D999FAA}
	EndGlobalSection
EndGlobal
